
Microsoft Visual Studio Solution File, Format Version 12.00
# Visual Studio 15
VisualStudioVersion = 15.0.27130.2027
MinimumVisualStudioVersion = 10.0.40219.1
Project("{9A19103F-16F7-4668-BE54-9A1E7A4F7556}") = "Juna.DDDCore", "Juna.Zone.DDDCore\Juna.DDDCore.csproj", "{D1B425AB-4BCF-4A78-B5B3-07800A2205CC}"
EndProject
Project("{2150E333-8FDC-42A3-9474-1A3956D46DE8}") = "Feeds", "Feeds", "{242CC1F3-2B70-4535-906C-E82815D86DF3}"
EndProject
Project("{9A19103F-16F7-4668-BE54-9A1E7A4F7556}") = "Juna.Feed.DomainModel", "Juna.Zone.Feed.DomainModel\Juna.Feed.DomainModel.csproj", "{CF88C289-BE62-420D-BEF7-07EFEF73E552}"
EndProject
Project("{9A19103F-16F7-4668-BE54-9A1E7A4F7556}") = "Juna.Feed.Dao", "Juna.Zone.Feed.Dao\Juna.Feed.Dao.csproj", "{0F516C98-9967-446F-8B8A-AF2B54F1E48D}"
EndProject
Project("{9A19103F-16F7-4668-BE54-9A1E7A4F7556}") = "Juna.Feed.Repository", "Juna.Zone.Feed.Repository\Juna.Feed.Repository.csproj", "{5F5575E0-C293-4736-9DBE-05F9222B06CD}"
EndProject
Project("{9A19103F-16F7-4668-BE54-9A1E7A4F7556}") = "Juna.Feed.Service", "Juna.Zone.Feed.Service\Juna.Feed.Service.csproj", "{F4F8E7C6-B9CA-45E9-8124-8C41DA876664}"
EndProject
Project("{9A19103F-16F7-4668-BE54-9A1E7A4F7556}") = "Juna.FeedFlows", "Juna.Zone.FeedFlows\Juna.FeedFlows.csproj", "{FCDDCA91-5E98-4DB4-BC9B-6DD7933EBAE2}"
EndProject
Project("{9A19103F-16F7-4668-BE54-9A1E7A4F7556}") = "Juna.Feed.WebApi", "Juna.Zone.Feed.WebApi\Juna.Feed.WebApi.csproj", "{2FFEB3F9-9D56-4BB3-80C7-87C251A3694B}"
EndProject
Project("{9A19103F-16F7-4668-BE54-9A1E7A4F7556}") = "Juna.Feed.WebApp", "Juna.Zone.Feed.WebApp\Juna.Feed.WebApp.csproj", "{799DD876-EA5E-400A-B596-417C30E5E433}"
EndProject
Project("{2150E333-8FDC-42A3-9474-1A3956D46DE8}") = "Test", "Test", "{43B1145D-24C0-45E6-B602-45AF53FBEF0C}"
EndProject
Project("{9A19103F-16F7-4668-BE54-9A1E7A4F7556}") = "Juna.Feed.Service.Test", "Juna.Zone.Feed.Service.Test\Juna.Feed.Service.Test.csproj", "{B0961743-CB15-4F7D-9357-EE62E1C7E7B1}"
EndProject
Project("{9A19103F-16F7-4668-BE54-9A1E7A4F7556}") = "Juna.Feed.WebApi.Test", "Juna.Zone.Feed.WebApi.Test\Juna.Feed.WebApi.Test.csproj", "{DBE0967E-EF07-447A-B0C0-D32F165F42E0}"
EndProject
Project("{9A19103F-16F7-4668-BE54-9A1E7A4F7556}") = "Juna.Newsfeed.Test", "Juna.Zone.Newsfeed.Test\Juna.Newsfeed.Test.csproj", "{734E89A7-0975-45CB-9A8C-57C8874FAF2D}"
EndProject
Global
	GlobalSection(SolutionConfigurationPlatforms) = preSolution
		Debug|Any CPU = Debug|Any CPU
		Debug|ARM = Debug|ARM
		Debug|x64 = Debug|x64
		Debug|x86 = Debug|x86
		Release|Any CPU = Release|Any CPU
		Release|ARM = Release|ARM
		Release|x64 = Release|x64
		Release|x86 = Release|x86
		Test|Any CPU = Test|Any CPU
		Test|ARM = Test|ARM
		Test|x64 = Test|x64
		Test|x86 = Test|x86
	EndGlobalSection
	GlobalSection(ProjectConfigurationPlatforms) = postSolution
		{D1B425AB-4BCF-4A78-B5B3-07800A2205CC}.Debug|Any CPU.ActiveCfg = Debug|Any CPU
		{D1B425AB-4BCF-4A78-B5B3-07800A2205CC}.Debug|Any CPU.Build.0 = Debug|Any CPU
		{D1B425AB-4BCF-4A78-B5B3-07800A2205CC}.Debug|ARM.ActiveCfg = Debug|Any CPU
		{D1B425AB-4BCF-4A78-B5B3-07800A2205CC}.Debug|ARM.Build.0 = Debug|Any CPU
		{D1B425AB-4BCF-4A78-B5B3-07800A2205CC}.Debug|x64.ActiveCfg = Debug|Any CPU
		{D1B425AB-4BCF-4A78-B5B3-07800A2205CC}.Debug|x64.Build.0 = Debug|Any CPU
		{D1B425AB-4BCF-4A78-B5B3-07800A2205CC}.Debug|x86.ActiveCfg = Debug|Any CPU
		{D1B425AB-4BCF-4A78-B5B3-07800A2205CC}.Debug|x86.Build.0 = Debug|Any CPU
		{D1B425AB-4BCF-4A78-B5B3-07800A2205CC}.Release|Any CPU.ActiveCfg = Release|Any CPU
		{D1B425AB-4BCF-4A78-B5B3-07800A2205CC}.Release|Any CPU.Build.0 = Release|Any CPU
		{D1B425AB-4BCF-4A78-B5B3-07800A2205CC}.Release|ARM.ActiveCfg = Release|Any CPU
		{D1B425AB-4BCF-4A78-B5B3-07800A2205CC}.Release|ARM.Build.0 = Release|Any CPU
		{D1B425AB-4BCF-4A78-B5B3-07800A2205CC}.Release|x64.ActiveCfg = Release|Any CPU
		{D1B425AB-4BCF-4A78-B5B3-07800A2205CC}.Release|x64.Build.0 = Release|Any CPU
		{D1B425AB-4BCF-4A78-B5B3-07800A2205CC}.Release|x86.ActiveCfg = Release|Any CPU
		{D1B425AB-4BCF-4A78-B5B3-07800A2205CC}.Release|x86.Build.0 = Release|Any CPU
		{D1B425AB-4BCF-4A78-B5B3-07800A2205CC}.Test|Any CPU.ActiveCfg = Debug|Any CPU
		{D1B425AB-4BCF-4A78-B5B3-07800A2205CC}.Test|Any CPU.Build.0 = Debug|Any CPU
		{D1B425AB-4BCF-4A78-B5B3-07800A2205CC}.Test|ARM.ActiveCfg = Debug|Any CPU
		{D1B425AB-4BCF-4A78-B5B3-07800A2205CC}.Test|ARM.Build.0 = Debug|Any CPU
		{D1B425AB-4BCF-4A78-B5B3-07800A2205CC}.Test|x64.ActiveCfg = Debug|Any CPU
		{D1B425AB-4BCF-4A78-B5B3-07800A2205CC}.Test|x64.Build.0 = Debug|Any CPU
		{D1B425AB-4BCF-4A78-B5B3-07800A2205CC}.Test|x86.ActiveCfg = Debug|Any CPU
		{D1B425AB-4BCF-4A78-B5B3-07800A2205CC}.Test|x86.Build.0 = Debug|Any CPU
		{CF88C289-BE62-420D-BEF7-07EFEF73E552}.Debug|Any CPU.ActiveCfg = Debug|Any CPU
		{CF88C289-BE62-420D-BEF7-07EFEF73E552}.Debug|Any CPU.Build.0 = Debug|Any CPU
		{CF88C289-BE62-420D-BEF7-07EFEF73E552}.Debug|ARM.ActiveCfg = Debug|Any CPU
		{CF88C289-BE62-420D-BEF7-07EFEF73E552}.Debug|ARM.Build.0 = Debug|Any CPU
		{CF88C289-BE62-420D-BEF7-07EFEF73E552}.Debug|x64.ActiveCfg = Debug|Any CPU
		{CF88C289-BE62-420D-BEF7-07EFEF73E552}.Debug|x64.Build.0 = Debug|Any CPU
		{CF88C289-BE62-420D-BEF7-07EFEF73E552}.Debug|x86.ActiveCfg = Debug|Any CPU
		{CF88C289-BE62-420D-BEF7-07EFEF73E552}.Debug|x86.Build.0 = Debug|Any CPU
		{CF88C289-BE62-420D-BEF7-07EFEF73E552}.Release|Any CPU.ActiveCfg = Release|Any CPU
		{CF88C289-BE62-420D-BEF7-07EFEF73E552}.Release|Any CPU.Build.0 = Release|Any CPU
		{CF88C289-BE62-420D-BEF7-07EFEF73E552}.Release|ARM.ActiveCfg = Release|Any CPU
		{CF88C289-BE62-420D-BEF7-07EFEF73E552}.Release|ARM.Build.0 = Release|Any CPU
		{CF88C289-BE62-420D-BEF7-07EFEF73E552}.Release|x64.ActiveCfg = Release|Any CPU
		{CF88C289-BE62-420D-BEF7-07EFEF73E552}.Release|x64.Build.0 = Release|Any CPU
		{CF88C289-BE62-420D-BEF7-07EFEF73E552}.Release|x86.ActiveCfg = Release|Any CPU
		{CF88C289-BE62-420D-BEF7-07EFEF73E552}.Release|x86.Build.0 = Release|Any CPU
		{CF88C289-BE62-420D-BEF7-07EFEF73E552}.Test|Any CPU.ActiveCfg = Debug|Any CPU
		{CF88C289-BE62-420D-BEF7-07EFEF73E552}.Test|Any CPU.Build.0 = Debug|Any CPU
		{CF88C289-BE62-420D-BEF7-07EFEF73E552}.Test|ARM.ActiveCfg = Debug|Any CPU
		{CF88C289-BE62-420D-BEF7-07EFEF73E552}.Test|ARM.Build.0 = Debug|Any CPU
		{CF88C289-BE62-420D-BEF7-07EFEF73E552}.Test|x64.ActiveCfg = Debug|Any CPU
		{CF88C289-BE62-420D-BEF7-07EFEF73E552}.Test|x64.Build.0 = Debug|Any CPU
		{CF88C289-BE62-420D-BEF7-07EFEF73E552}.Test|x86.ActiveCfg = Debug|Any CPU
		{CF88C289-BE62-420D-BEF7-07EFEF73E552}.Test|x86.Build.0 = Debug|Any CPU
		{0F516C98-9967-446F-8B8A-AF2B54F1E48D}.Debug|Any CPU.ActiveCfg = Debug|Any CPU
		{0F516C98-9967-446F-8B8A-AF2B54F1E48D}.Debug|Any CPU.Build.0 = Debug|Any CPU
		{0F516C98-9967-446F-8B8A-AF2B54F1E48D}.Debug|ARM.ActiveCfg = Debug|Any CPU
		{0F516C98-9967-446F-8B8A-AF2B54F1E48D}.Debug|ARM.Build.0 = Debug|Any CPU
		{0F516C98-9967-446F-8B8A-AF2B54F1E48D}.Debug|x64.ActiveCfg = Debug|Any CPU
		{0F516C98-9967-446F-8B8A-AF2B54F1E48D}.Debug|x64.Build.0 = Debug|Any CPU
		{0F516C98-9967-446F-8B8A-AF2B54F1E48D}.Debug|x86.ActiveCfg = Debug|Any CPU
		{0F516C98-9967-446F-8B8A-AF2B54F1E48D}.Debug|x86.Build.0 = Debug|Any CPU
		{0F516C98-9967-446F-8B8A-AF2B54F1E48D}.Release|Any CPU.ActiveCfg = Release|Any CPU
		{0F516C98-9967-446F-8B8A-AF2B54F1E48D}.Release|Any CPU.Build.0 = Release|Any CPU
		{0F516C98-9967-446F-8B8A-AF2B54F1E48D}.Release|ARM.ActiveCfg = Release|Any CPU
		{0F516C98-9967-446F-8B8A-AF2B54F1E48D}.Release|ARM.Build.0 = Release|Any CPU
		{0F516C98-9967-446F-8B8A-AF2B54F1E48D}.Release|x64.ActiveCfg = Release|Any CPU
		{0F516C98-9967-446F-8B8A-AF2B54F1E48D}.Release|x64.Build.0 = Release|Any CPU
		{0F516C98-9967-446F-8B8A-AF2B54F1E48D}.Release|x86.ActiveCfg = Release|Any CPU
		{0F516C98-9967-446F-8B8A-AF2B54F1E48D}.Release|x86.Build.0 = Release|Any CPU
		{0F516C98-9967-446F-8B8A-AF2B54F1E48D}.Test|Any CPU.ActiveCfg = Debug|Any CPU
		{0F516C98-9967-446F-8B8A-AF2B54F1E48D}.Test|Any CPU.Build.0 = Debug|Any CPU
		{0F516C98-9967-446F-8B8A-AF2B54F1E48D}.Test|ARM.ActiveCfg = Debug|Any CPU
		{0F516C98-9967-446F-8B8A-AF2B54F1E48D}.Test|ARM.Build.0 = Debug|Any CPU
		{0F516C98-9967-446F-8B8A-AF2B54F1E48D}.Test|x64.ActiveCfg = Debug|Any CPU
		{0F516C98-9967-446F-8B8A-AF2B54F1E48D}.Test|x64.Build.0 = Debug|Any CPU
		{0F516C98-9967-446F-8B8A-AF2B54F1E48D}.Test|x86.ActiveCfg = Debug|Any CPU
		{0F516C98-9967-446F-8B8A-AF2B54F1E48D}.Test|x86.Build.0 = Debug|Any CPU
		{5F5575E0-C293-4736-9DBE-05F9222B06CD}.Debug|Any CPU.ActiveCfg = Debug|Any CPU
		{5F5575E0-C293-4736-9DBE-05F9222B06CD}.Debug|Any CPU.Build.0 = Debug|Any CPU
		{5F5575E0-C293-4736-9DBE-05F9222B06CD}.Debug|ARM.ActiveCfg = Debug|Any CPU
		{5F5575E0-C293-4736-9DBE-05F9222B06CD}.Debug|ARM.Build.0 = Debug|Any CPU
		{5F5575E0-C293-4736-9DBE-05F9222B06CD}.Debug|x64.ActiveCfg = Debug|Any CPU
		{5F5575E0-C293-4736-9DBE-05F9222B06CD}.Debug|x64.Build.0 = Debug|Any CPU
		{5F5575E0-C293-4736-9DBE-05F9222B06CD}.Debug|x86.ActiveCfg = Debug|Any CPU
		{5F5575E0-C293-4736-9DBE-05F9222B06CD}.Debug|x86.Build.0 = Debug|Any CPU
		{5F5575E0-C293-4736-9DBE-05F9222B06CD}.Release|Any CPU.ActiveCfg = Release|Any CPU
		{5F5575E0-C293-4736-9DBE-05F9222B06CD}.Release|Any CPU.Build.0 = Release|Any CPU
		{5F5575E0-C293-4736-9DBE-05F9222B06CD}.Release|ARM.ActiveCfg = Release|Any CPU
		{5F5575E0-C293-4736-9DBE-05F9222B06CD}.Release|ARM.Build.0 = Release|Any CPU
		{5F5575E0-C293-4736-9DBE-05F9222B06CD}.Release|x64.ActiveCfg = Release|Any CPU
		{5F5575E0-C293-4736-9DBE-05F9222B06CD}.Release|x64.Build.0 = Release|Any CPU
		{5F5575E0-C293-4736-9DBE-05F9222B06CD}.Release|x86.ActiveCfg = Release|Any CPU
		{5F5575E0-C293-4736-9DBE-05F9222B06CD}.Release|x86.Build.0 = Release|Any CPU
		{5F5575E0-C293-4736-9DBE-05F9222B06CD}.Test|Any CPU.ActiveCfg = Debug|Any CPU
		{5F5575E0-C293-4736-9DBE-05F9222B06CD}.Test|Any CPU.Build.0 = Debug|Any CPU
		{5F5575E0-C293-4736-9DBE-05F9222B06CD}.Test|ARM.ActiveCfg = Debug|Any CPU
		{5F5575E0-C293-4736-9DBE-05F9222B06CD}.Test|ARM.Build.0 = Debug|Any CPU
		{5F5575E0-C293-4736-9DBE-05F9222B06CD}.Test|x64.ActiveCfg = Debug|Any CPU
		{5F5575E0-C293-4736-9DBE-05F9222B06CD}.Test|x64.Build.0 = Debug|Any CPU
		{5F5575E0-C293-4736-9DBE-05F9222B06CD}.Test|x86.ActiveCfg = Debug|Any CPU
		{5F5575E0-C293-4736-9DBE-05F9222B06CD}.Test|x86.Build.0 = Debug|Any CPU
		{F4F8E7C6-B9CA-45E9-8124-8C41DA876664}.Debug|Any CPU.ActiveCfg = Debug|Any CPU
		{F4F8E7C6-B9CA-45E9-8124-8C41DA876664}.Debug|Any CPU.Build.0 = Debug|Any CPU
		{F4F8E7C6-B9CA-45E9-8124-8C41DA876664}.Debug|ARM.ActiveCfg = Debug|Any CPU
		{F4F8E7C6-B9CA-45E9-8124-8C41DA876664}.Debug|ARM.Build.0 = Debug|Any CPU
		{F4F8E7C6-B9CA-45E9-8124-8C41DA876664}.Debug|x64.ActiveCfg = Debug|Any CPU
		{F4F8E7C6-B9CA-45E9-8124-8C41DA876664}.Debug|x64.Build.0 = Debug|Any CPU
		{F4F8E7C6-B9CA-45E9-8124-8C41DA876664}.Debug|x86.ActiveCfg = Debug|Any CPU
		{F4F8E7C6-B9CA-45E9-8124-8C41DA876664}.Debug|x86.Build.0 = Debug|Any CPU
		{F4F8E7C6-B9CA-45E9-8124-8C41DA876664}.Release|Any CPU.ActiveCfg = Release|Any CPU
		{F4F8E7C6-B9CA-45E9-8124-8C41DA876664}.Release|Any CPU.Build.0 = Release|Any CPU
		{F4F8E7C6-B9CA-45E9-8124-8C41DA876664}.Release|ARM.ActiveCfg = Release|Any CPU
		{F4F8E7C6-B9CA-45E9-8124-8C41DA876664}.Release|ARM.Build.0 = Release|Any CPU
		{F4F8E7C6-B9CA-45E9-8124-8C41DA876664}.Release|x64.ActiveCfg = Release|Any CPU
		{F4F8E7C6-B9CA-45E9-8124-8C41DA876664}.Release|x64.Build.0 = Release|Any CPU
		{F4F8E7C6-B9CA-45E9-8124-8C41DA876664}.Release|x86.ActiveCfg = Release|Any CPU
		{F4F8E7C6-B9CA-45E9-8124-8C41DA876664}.Release|x86.Build.0 = Release|Any CPU
		{F4F8E7C6-B9CA-45E9-8124-8C41DA876664}.Test|Any CPU.ActiveCfg = Debug|Any CPU
		{F4F8E7C6-B9CA-45E9-8124-8C41DA876664}.Test|Any CPU.Build.0 = Debug|Any CPU
		{F4F8E7C6-B9CA-45E9-8124-8C41DA876664}.Test|ARM.ActiveCfg = Debug|Any CPU
		{F4F8E7C6-B9CA-45E9-8124-8C41DA876664}.Test|ARM.Build.0 = Debug|Any CPU
		{F4F8E7C6-B9CA-45E9-8124-8C41DA876664}.Test|x64.ActiveCfg = Debug|Any CPU
		{F4F8E7C6-B9CA-45E9-8124-8C41DA876664}.Test|x64.Build.0 = Debug|Any CPU
		{F4F8E7C6-B9CA-45E9-8124-8C41DA876664}.Test|x86.ActiveCfg = Debug|Any CPU
		{F4F8E7C6-B9CA-45E9-8124-8C41DA876664}.Test|x86.Build.0 = Debug|Any CPU
		{FCDDCA91-5E98-4DB4-BC9B-6DD7933EBAE2}.Debug|Any CPU.ActiveCfg = Debug|Any CPU
		{FCDDCA91-5E98-4DB4-BC9B-6DD7933EBAE2}.Debug|Any CPU.Build.0 = Debug|Any CPU
		{FCDDCA91-5E98-4DB4-BC9B-6DD7933EBAE2}.Debug|ARM.ActiveCfg = Debug|Any CPU
		{FCDDCA91-5E98-4DB4-BC9B-6DD7933EBAE2}.Debug|ARM.Build.0 = Debug|Any CPU
		{FCDDCA91-5E98-4DB4-BC9B-6DD7933EBAE2}.Debug|x64.ActiveCfg = Debug|Any CPU
		{FCDDCA91-5E98-4DB4-BC9B-6DD7933EBAE2}.Debug|x64.Build.0 = Debug|Any CPU
		{FCDDCA91-5E98-4DB4-BC9B-6DD7933EBAE2}.Debug|x86.ActiveCfg = Debug|Any CPU
		{FCDDCA91-5E98-4DB4-BC9B-6DD7933EBAE2}.Debug|x86.Build.0 = Debug|Any CPU
		{FCDDCA91-5E98-4DB4-BC9B-6DD7933EBAE2}.Release|Any CPU.ActiveCfg = Release|Any CPU
		{FCDDCA91-5E98-4DB4-BC9B-6DD7933EBAE2}.Release|Any CPU.Build.0 = Release|Any CPU
		{FCDDCA91-5E98-4DB4-BC9B-6DD7933EBAE2}.Release|ARM.ActiveCfg = Release|Any CPU
		{FCDDCA91-5E98-4DB4-BC9B-6DD7933EBAE2}.Release|ARM.Build.0 = Release|Any CPU
		{FCDDCA91-5E98-4DB4-BC9B-6DD7933EBAE2}.Release|x64.ActiveCfg = Release|Any CPU
		{FCDDCA91-5E98-4DB4-BC9B-6DD7933EBAE2}.Release|x64.Build.0 = Release|Any CPU
		{FCDDCA91-5E98-4DB4-BC9B-6DD7933EBAE2}.Release|x86.ActiveCfg = Release|Any CPU
		{FCDDCA91-5E98-4DB4-BC9B-6DD7933EBAE2}.Release|x86.Build.0 = Release|Any CPU
		{FCDDCA91-5E98-4DB4-BC9B-6DD7933EBAE2}.Test|Any CPU.ActiveCfg = Debug|Any CPU
		{FCDDCA91-5E98-4DB4-BC9B-6DD7933EBAE2}.Test|Any CPU.Build.0 = Debug|Any CPU
		{FCDDCA91-5E98-4DB4-BC9B-6DD7933EBAE2}.Test|ARM.ActiveCfg = Debug|Any CPU
		{FCDDCA91-5E98-4DB4-BC9B-6DD7933EBAE2}.Test|ARM.Build.0 = Debug|Any CPU
		{FCDDCA91-5E98-4DB4-BC9B-6DD7933EBAE2}.Test|x64.ActiveCfg = Debug|Any CPU
		{FCDDCA91-5E98-4DB4-BC9B-6DD7933EBAE2}.Test|x64.Build.0 = Debug|Any CPU
		{FCDDCA91-5E98-4DB4-BC9B-6DD7933EBAE2}.Test|x86.ActiveCfg = Debug|Any CPU
		{FCDDCA91-5E98-4DB4-BC9B-6DD7933EBAE2}.Test|x86.Build.0 = Debug|Any CPU
		{2FFEB3F9-9D56-4BB3-80C7-87C251A3694B}.Debug|Any CPU.ActiveCfg = Debug|Any CPU
		{2FFEB3F9-9D56-4BB3-80C7-87C251A3694B}.Debug|Any CPU.Build.0 = Debug|Any CPU
		{2FFEB3F9-9D56-4BB3-80C7-87C251A3694B}.Debug|ARM.ActiveCfg = Debug|Any CPU
		{2FFEB3F9-9D56-4BB3-80C7-87C251A3694B}.Debug|ARM.Build.0 = Debug|Any CPU
		{2FFEB3F9-9D56-4BB3-80C7-87C251A3694B}.Debug|x64.ActiveCfg = Debug|Any CPU
		{2FFEB3F9-9D56-4BB3-80C7-87C251A3694B}.Debug|x64.Build.0 = Debug|Any CPU
		{2FFEB3F9-9D56-4BB3-80C7-87C251A3694B}.Debug|x86.ActiveCfg = Debug|Any CPU
		{2FFEB3F9-9D56-4BB3-80C7-87C251A3694B}.Debug|x86.Build.0 = Debug|Any CPU
		{2FFEB3F9-9D56-4BB3-80C7-87C251A3694B}.Release|Any CPU.ActiveCfg = Release|Any CPU
		{2FFEB3F9-9D56-4BB3-80C7-87C251A3694B}.Release|Any CPU.Build.0 = Release|Any CPU
		{2FFEB3F9-9D56-4BB3-80C7-87C251A3694B}.Release|ARM.ActiveCfg = Release|Any CPU
		{2FFEB3F9-9D56-4BB3-80C7-87C251A3694B}.Release|ARM.Build.0 = Release|Any CPU
		{2FFEB3F9-9D56-4BB3-80C7-87C251A3694B}.Release|x64.ActiveCfg = Release|Any CPU
		{2FFEB3F9-9D56-4BB3-80C7-87C251A3694B}.Release|x64.Build.0 = Release|Any CPU
		{2FFEB3F9-9D56-4BB3-80C7-87C251A3694B}.Release|x86.ActiveCfg = Release|Any CPU
		{2FFEB3F9-9D56-4BB3-80C7-87C251A3694B}.Release|x86.Build.0 = Release|Any CPU
		{2FFEB3F9-9D56-4BB3-80C7-87C251A3694B}.Test|Any CPU.ActiveCfg = Debug|Any CPU
		{2FFEB3F9-9D56-4BB3-80C7-87C251A3694B}.Test|Any CPU.Build.0 = Debug|Any CPU
		{2FFEB3F9-9D56-4BB3-80C7-87C251A3694B}.Test|ARM.ActiveCfg = Debug|Any CPU
		{2FFEB3F9-9D56-4BB3-80C7-87C251A3694B}.Test|ARM.Build.0 = Debug|Any CPU
		{2FFEB3F9-9D56-4BB3-80C7-87C251A3694B}.Test|x64.ActiveCfg = Debug|Any CPU
		{2FFEB3F9-9D56-4BB3-80C7-87C251A3694B}.Test|x64.Build.0 = Debug|Any CPU
		{2FFEB3F9-9D56-4BB3-80C7-87C251A3694B}.Test|x86.ActiveCfg = Debug|Any CPU
		{2FFEB3F9-9D56-4BB3-80C7-87C251A3694B}.Test|x86.Build.0 = Debug|Any CPU
		{799DD876-EA5E-400A-B596-417C30E5E433}.Debug|Any CPU.ActiveCfg = Debug|Any CPU
		{799DD876-EA5E-400A-B596-417C30E5E433}.Debug|Any CPU.Build.0 = Debug|Any CPU
		{799DD876-EA5E-400A-B596-417C30E5E433}.Debug|ARM.ActiveCfg = Debug|Any CPU
		{799DD876-EA5E-400A-B596-417C30E5E433}.Debug|ARM.Build.0 = Debug|Any CPU
		{799DD876-EA5E-400A-B596-417C30E5E433}.Debug|x64.ActiveCfg = Debug|Any CPU
		{799DD876-EA5E-400A-B596-417C30E5E433}.Debug|x64.Build.0 = Debug|Any CPU
		{799DD876-EA5E-400A-B596-417C30E5E433}.Debug|x86.ActiveCfg = Debug|Any CPU
		{799DD876-EA5E-400A-B596-417C30E5E433}.Debug|x86.Build.0 = Debug|Any CPU
		{799DD876-EA5E-400A-B596-417C30E5E433}.Release|Any CPU.ActiveCfg = Release|Any CPU
		{799DD876-EA5E-400A-B596-417C30E5E433}.Release|Any CPU.Build.0 = Release|Any CPU
		{799DD876-EA5E-400A-B596-417C30E5E433}.Release|ARM.ActiveCfg = Release|Any CPU
		{799DD876-EA5E-400A-B596-417C30E5E433}.Release|ARM.Build.0 = Release|Any CPU
		{799DD876-EA5E-400A-B596-417C30E5E433}.Release|x64.ActiveCfg = Release|Any CPU
		{799DD876-EA5E-400A-B596-417C30E5E433}.Release|x64.Build.0 = Release|Any CPU
		{799DD876-EA5E-400A-B596-417C30E5E433}.Release|x86.ActiveCfg = Release|Any CPU
		{799DD876-EA5E-400A-B596-417C30E5E433}.Release|x86.Build.0 = Release|Any CPU
		{799DD876-EA5E-400A-B596-417C30E5E433}.Test|Any CPU.ActiveCfg = Debug|Any CPU
		{799DD876-EA5E-400A-B596-417C30E5E433}.Test|Any CPU.Build.0 = Debug|Any CPU
		{799DD876-EA5E-400A-B596-417C30E5E433}.Test|ARM.ActiveCfg = Debug|Any CPU
		{799DD876-EA5E-400A-B596-417C30E5E433}.Test|ARM.Build.0 = Debug|Any CPU
		{799DD876-EA5E-400A-B596-417C30E5E433}.Test|x64.ActiveCfg = Debug|Any CPU
		{799DD876-EA5E-400A-B596-417C30E5E433}.Test|x64.Build.0 = Debug|Any CPU
		{799DD876-EA5E-400A-B596-417C30E5E433}.Test|x86.ActiveCfg = Debug|Any CPU
		{799DD876-EA5E-400A-B596-417C30E5E433}.Test|x86.Build.0 = Debug|Any CPU
		{B0961743-CB15-4F7D-9357-EE62E1C7E7B1}.Debug|Any CPU.ActiveCfg = Debug|Any CPU
		{B0961743-CB15-4F7D-9357-EE62E1C7E7B1}.Debug|Any CPU.Build.0 = Debug|Any CPU
		{B0961743-CB15-4F7D-9357-EE62E1C7E7B1}.Debug|ARM.ActiveCfg = Debug|Any CPU
		{B0961743-CB15-4F7D-9357-EE62E1C7E7B1}.Debug|ARM.Build.0 = Debug|Any CPU
		{B0961743-CB15-4F7D-9357-EE62E1C7E7B1}.Debug|x64.ActiveCfg = Debug|Any CPU
		{B0961743-CB15-4F7D-9357-EE62E1C7E7B1}.Debug|x64.Build.0 = Debug|Any CPU
		{B0961743-CB15-4F7D-9357-EE62E1C7E7B1}.Debug|x86.ActiveCfg = Debug|Any CPU
		{B0961743-CB15-4F7D-9357-EE62E1C7E7B1}.Debug|x86.Build.0 = Debug|Any CPU
		{B0961743-CB15-4F7D-9357-EE62E1C7E7B1}.Release|Any CPU.ActiveCfg = Release|Any CPU
		{B0961743-CB15-4F7D-9357-EE62E1C7E7B1}.Release|Any CPU.Build.0 = Release|Any CPU
		{B0961743-CB15-4F7D-9357-EE62E1C7E7B1}.Release|ARM.ActiveCfg = Release|Any CPU
		{B0961743-CB15-4F7D-9357-EE62E1C7E7B1}.Release|ARM.Build.0 = Release|Any CPU
		{B0961743-CB15-4F7D-9357-EE62E1C7E7B1}.Release|x64.ActiveCfg = Release|Any CPU
		{B0961743-CB15-4F7D-9357-EE62E1C7E7B1}.Release|x64.Build.0 = Release|Any CPU
		{B0961743-CB15-4F7D-9357-EE62E1C7E7B1}.Release|x86.ActiveCfg = Release|Any CPU
		{B0961743-CB15-4F7D-9357-EE62E1C7E7B1}.Release|x86.Build.0 = Release|Any CPU
		{B0961743-CB15-4F7D-9357-EE62E1C7E7B1}.Test|Any CPU.ActiveCfg = Debug|Any CPU
		{B0961743-CB15-4F7D-9357-EE62E1C7E7B1}.Test|Any CPU.Build.0 = Debug|Any CPU
		{B0961743-CB15-4F7D-9357-EE62E1C7E7B1}.Test|ARM.ActiveCfg = Debug|Any CPU
		{B0961743-CB15-4F7D-9357-EE62E1C7E7B1}.Test|ARM.Build.0 = Debug|Any CPU
		{B0961743-CB15-4F7D-9357-EE62E1C7E7B1}.Test|x64.ActiveCfg = Debug|Any CPU
		{B0961743-CB15-4F7D-9357-EE62E1C7E7B1}.Test|x64.Build.0 = Debug|Any CPU
		{B0961743-CB15-4F7D-9357-EE62E1C7E7B1}.Test|x86.ActiveCfg = Debug|Any CPU
		{B0961743-CB15-4F7D-9357-EE62E1C7E7B1}.Test|x86.Build.0 = Debug|Any CPU
		{DBE0967E-EF07-447A-B0C0-D32F165F42E0}.Debug|Any CPU.ActiveCfg = Debug|Any CPU
		{DBE0967E-EF07-447A-B0C0-D32F165F42E0}.Debug|Any CPU.Build.0 = Debug|Any CPU
		{DBE0967E-EF07-447A-B0C0-D32F165F42E0}.Debug|ARM.ActiveCfg = Debug|Any CPU
		{DBE0967E-EF07-447A-B0C0-D32F165F42E0}.Debug|ARM.Build.0 = Debug|Any CPU
		{DBE0967E-EF07-447A-B0C0-D32F165F42E0}.Debug|x64.ActiveCfg = Debug|Any CPU
		{DBE0967E-EF07-447A-B0C0-D32F165F42E0}.Debug|x64.Build.0 = Debug|Any CPU
		{DBE0967E-EF07-447A-B0C0-D32F165F42E0}.Debug|x86.ActiveCfg = Debug|Any CPU
		{DBE0967E-EF07-447A-B0C0-D32F165F42E0}.Debug|x86.Build.0 = Debug|Any CPU
		{DBE0967E-EF07-447A-B0C0-D32F165F42E0}.Release|Any CPU.ActiveCfg = Release|Any CPU
		{DBE0967E-EF07-447A-B0C0-D32F165F42E0}.Release|Any CPU.Build.0 = Release|Any CPU
		{DBE0967E-EF07-447A-B0C0-D32F165F42E0}.Release|ARM.ActiveCfg = Release|Any CPU
		{DBE0967E-EF07-447A-B0C0-D32F165F42E0}.Release|ARM.Build.0 = Release|Any CPU
		{DBE0967E-EF07-447A-B0C0-D32F165F42E0}.Release|x64.ActiveCfg = Release|Any CPU
		{DBE0967E-EF07-447A-B0C0-D32F165F42E0}.Release|x64.Build.0 = Release|Any CPU
		{DBE0967E-EF07-447A-B0C0-D32F165F42E0}.Release|x86.ActiveCfg = Release|Any CPU
		{DBE0967E-EF07-447A-B0C0-D32F165F42E0}.Release|x86.Build.0 = Release|Any CPU
		{DBE0967E-EF07-447A-B0C0-D32F165F42E0}.Test|Any CPU.ActiveCfg = Debug|Any CPU
		{DBE0967E-EF07-447A-B0C0-D32F165F42E0}.Test|Any CPU.Build.0 = Debug|Any CPU
		{DBE0967E-EF07-447A-B0C0-D32F165F42E0}.Test|ARM.ActiveCfg = Debug|Any CPU
		{DBE0967E-EF07-447A-B0C0-D32F165F42E0}.Test|ARM.Build.0 = Debug|Any CPU
		{DBE0967E-EF07-447A-B0C0-D32F165F42E0}.Test|x64.ActiveCfg = Debug|Any CPU
		{DBE0967E-EF07-447A-B0C0-D32F165F42E0}.Test|x64.Build.0 = Debug|Any CPU
		{DBE0967E-EF07-447A-B0C0-D32F165F42E0}.Test|x86.ActiveCfg = Debug|Any CPU
		{DBE0967E-EF07-447A-B0C0-D32F165F42E0}.Test|x86.Build.0 = Debug|Any CPU
		{734E89A7-0975-45CB-9A8C-57C8874FAF2D}.Debug|Any CPU.ActiveCfg = Debug|Any CPU
		{734E89A7-0975-45CB-9A8C-57C8874FAF2D}.Debug|Any CPU.Build.0 = Debug|Any CPU
		{734E89A7-0975-45CB-9A8C-57C8874FAF2D}.Debug|ARM.ActiveCfg = Debug|Any CPU
		{734E89A7-0975-45CB-9A8C-57C8874FAF2D}.Debug|ARM.Build.0 = Debug|Any CPU
		{734E89A7-0975-45CB-9A8C-57C8874FAF2D}.Debug|x64.ActiveCfg = Debug|Any CPU
		{734E89A7-0975-45CB-9A8C-57C8874FAF2D}.Debug|x64.Build.0 = Debug|Any CPU
		{734E89A7-0975-45CB-9A8C-57C8874FAF2D}.Debug|x86.ActiveCfg = Debug|Any CPU
		{734E89A7-0975-45CB-9A8C-57C8874FAF2D}.Debug|x86.Build.0 = Debug|Any CPU
		{734E89A7-0975-45CB-9A8C-57C8874FAF2D}.Release|Any CPU.ActiveCfg = Release|Any CPU
		{734E89A7-0975-45CB-9A8C-57C8874FAF2D}.Release|Any CPU.Build.0 = Release|Any CPU
		{734E89A7-0975-45CB-9A8C-57C8874FAF2D}.Release|ARM.ActiveCfg = Release|Any CPU
		{734E89A7-0975-45CB-9A8C-57C8874FAF2D}.Release|ARM.Build.0 = Release|Any CPU
		{734E89A7-0975-45CB-9A8C-57C8874FAF2D}.Release|x64.ActiveCfg = Release|Any CPU
		{734E89A7-0975-45CB-9A8C-57C8874FAF2D}.Release|x64.Build.0 = Release|Any CPU
		{734E89A7-0975-45CB-9A8C-57C8874FAF2D}.Release|x86.ActiveCfg = Release|Any CPU
		{734E89A7-0975-45CB-9A8C-57C8874FAF2D}.Release|x86.Build.0 = Release|Any CPU
		{734E89A7-0975-45CB-9A8C-57C8874FAF2D}.Test|Any CPU.ActiveCfg = Debug|Any CPU
		{734E89A7-0975-45CB-9A8C-57C8874FAF2D}.Test|Any CPU.Build.0 = Debug|Any CPU
		{734E89A7-0975-45CB-9A8C-57C8874FAF2D}.Test|ARM.ActiveCfg = Debug|Any CPU
		{734E89A7-0975-45CB-9A8C-57C8874FAF2D}.Test|ARM.Build.0 = Debug|Any CPU
		{734E89A7-0975-45CB-9A8C-57C8874FAF2D}.Test|x64.ActiveCfg = Debug|Any CPU
		{734E89A7-0975-45CB-9A8C-57C8874FAF2D}.Test|x64.Build.0 = Debug|Any CPU
		{734E89A7-0975-45CB-9A8C-57C8874FAF2D}.Test|x86.ActiveCfg = Debug|Any CPU
		{734E89A7-0975-45CB-9A8C-57C8874FAF2D}.Test|x86.Build.0 = Debug|Any CPU
	EndGlobalSection
	GlobalSection(SolutionProperties) = preSolution
		HideSolutionNode = FALSE
	EndGlobalSection
	GlobalSection(NestedProjects) = preSolution
		{CF88C289-BE62-420D-BEF7-07EFEF73E552} = {242CC1F3-2B70-4535-906C-E82815D86DF3}
		{0F516C98-9967-446F-8B8A-AF2B54F1E48D} = {242CC1F3-2B70-4535-906C-E82815D86DF3}
		{5F5575E0-C293-4736-9DBE-05F9222B06CD} = {242CC1F3-2B70-4535-906C-E82815D86DF3}
		{F4F8E7C6-B9CA-45E9-8124-8C41DA876664} = {242CC1F3-2B70-4535-906C-E82815D86DF3}
		{FCDDCA91-5E98-4DB4-BC9B-6DD7933EBAE2} = {242CC1F3-2B70-4535-906C-E82815D86DF3}
		{2FFEB3F9-9D56-4BB3-80C7-87C251A3694B} = {242CC1F3-2B70-4535-906C-E82815D86DF3}
		{799DD876-EA5E-400A-B596-417C30E5E433} = {242CC1F3-2B70-4535-906C-E82815D86DF3}
		{B0961743-CB15-4F7D-9357-EE62E1C7E7B1} = {43B1145D-24C0-45E6-B602-45AF53FBEF0C}
		{DBE0967E-EF07-447A-B0C0-D32F165F42E0} = {43B1145D-24C0-45E6-B602-45AF53FBEF0C}
		{734E89A7-0975-45CB-9A8C-57C8874FAF2D} = {43B1145D-24C0-45E6-B602-45AF53FBEF0C}
	EndGlobalSection
	GlobalSection(ExtensibilityGlobals) = postSolution
		EnterpriseLibraryConfigurationToolBinariesPathV6 = packages\EnterpriseLibrary.TransientFaultHandling.6.0.1304.0\lib\portable-net45+win+wp8
		SolutionGuid = {F2997164-2989-4E8E-B584-6EB1B50BFADE}
	EndGlobalSection
EndGlobal
